
Microsoft Visual Studio Solution File, Format Version 12.00
# Visual Studio Version 16
VisualStudioVersion = 16.0.31624.102
MinimumVisualStudioVersion = 10.0.40219.1
Project("{FAE04EC0-301F-11D3-BF4B-00C04F79EFBC}") = "ATS", "ATS\ATS.csproj", "{46E854D6-70EF-4B10-8256-7AB63C19CD79}"
EndProject
Global
	GlobalSection(SolutionConfigurationPlatforms) = preSolution
		Debug|Any CPU = Debug|Any CPU
		Release|Any CPU = Release|Any CPU
	EndGlobalSection
	GlobalSection(ProjectConfigurationPlatforms) = postSolution
		{46E854D6-70EF-4B10-8256-7AB63C19CD79}.Debug|Any CPU.ActiveCfg = Debug|Any CPU
		{46E854D6-70EF-4B10-8256-7AB63C19CD79}.Debug|Any CPU.Build.0 = Debug|Any CPU
		{46E854D6-70EF-4B10-8256-7AB63C19CD79}.Release|Any CPU.ActiveCfg = Release|Any CPU
		{46E854D6-70EF-4B10-8256-7AB63C19CD79}.Release|Any CPU.Build.0 = Release|Any CPU
	EndGlobalSection
	GlobalSection(SolutionProperties) = preSolution
		HideSolutionNode = FALSE
	EndGlobalSection
	GlobalSection(ExtensibilityGlobals) = postSolution
		SolutionGuid = {3F57F2EF-6341-400D-9F1A-5C491CAB2CCE}
	EndGlobalSection
EndGlobal
